data/mgf/Collinuskirromycin.mgf.gzip
data/mgf/Epemicins.mgf.gzip
data/mgf/GermicidinA.mgf.gzip
data/mgf/GermicidinB.mgf.gzip
data/mgf/20210608_UMETAB211_POS_00172_ISP2_HLB70_Pl11_13.mgf.gzip
data/mgf/20210613_UMETAB211_POS_01466_ISP2_HLB100_Pl15_19.mgf.gzip
data/mgf/20210426_DR_UMETAB202_POS_Amide_162_HLB40.mgf.gzip
data/mgf/20210607_UMETAB211_POS_00024_ISP2_HLB70_Pl10_6.mgf.gzip
data/mgf/20210609_UMETAB211_POS_00024_ISP2_HLB100_Pl13_6.mgf.gzip
data/mgf/20210618_UMETAB211_POS_00024_ISP2_HLB40_P7_6.mgf.gzip
data/mzML/Collinuskirromycin.mzML
data/mzML/Epemicins.mzML
data/mzML/GermicidinA.mzML
data/mzML/GermicidinB.mzML
data/mzML/20210608_UMETAB211_POS_00172_ISP2_HLB70_Pl11_13.mzML
data/mzML/20210613_UMETAB211_POS_01466_ISP2_HLB100_Pl15_19.mzML
data/mzML/20210426_DR_UMETAB202_POS_Amide_162_HLB40.mzML
data/mzML/20210607_UMETAB211_POS_00024_ISP2_HLB70_Pl10_6.mzML
data/mzML/20210609_UMETAB211_POS_00024_ISP2_HLB100_Pl13_6.mzML
data/mzML/20210618_UMETAB211_POS_00024_ISP2_HLB40_P7_6.mzML
results/preprocessed/Collinuskirromycin.featureXML
results/preprocessed/Epemicins.featureXML
results/preprocessed/GermicidinA.featureXML
results/preprocessed/GermicidinB.featureXML
results/preprocessed/20210608_UMETAB211_POS_00172_ISP2_HLB70_Pl11_13.featureXML
results/preprocessed/20210613_UMETAB211_POS_01466_ISP2_HLB100_Pl15_19.featureXML
results/preprocessed/20210426_DR_UMETAB202_POS_Amide_162_HLB40.featureXML
results/preprocessed/20210607_UMETAB211_POS_00024_ISP2_HLB70_Pl10_6.featureXML
results/preprocessed/20210609_UMETAB211_POS_00024_ISP2_HLB100_Pl13_6.featureXML
results/preprocessed/20210618_UMETAB211_POS_00024_ISP2_HLB40_P7_6.featureXML
results/dataframes/features_tables/Collinuskirromycin.csv
results/dataframes/features_tables/Epemicins.csv
results/dataframes/features_tables/GermicidinA.csv
results/dataframes/features_tables/GermicidinB.csv
results/dataframes/features_tables/20210608_UMETAB211_POS_00172_ISP2_HLB70_Pl11_13.csv
results/dataframes/features_tables/20210613_UMETAB211_POS_01466_ISP2_HLB100_Pl15_19.csv
results/dataframes/features_tables/20210426_DR_UMETAB202_POS_Amide_162_HLB40.csv
results/dataframes/features_tables/20210607_UMETAB211_POS_00024_ISP2_HLB70_Pl10_6.csv
results/dataframes/features_tables/20210609_UMETAB211_POS_00024_ISP2_HLB100_Pl13_6.csv
results/dataframes/features_tables/20210618_UMETAB211_POS_00024_ISP2_HLB40_P7_6.csv
results/SIRIUS/Collinuskirromycin.mzTab
results/SIRIUS/Epemicins.mzTab
results/SIRIUS/GermicidinA.mzTab
results/SIRIUS/GermicidinB.mzTab
results/SIRIUS/20210608_UMETAB211_POS_00172_ISP2_HLB70_Pl11_13.mzTab
results/SIRIUS/20210613_UMETAB211_POS_01466_ISP2_HLB100_Pl15_19.mzTab
results/SIRIUS/20210426_DR_UMETAB202_POS_Amide_162_HLB40.mzTab
results/SIRIUS/20210607_UMETAB211_POS_00024_ISP2_HLB70_Pl10_6.mzTab
results/SIRIUS/20210609_UMETAB211_POS_00024_ISP2_HLB100_Pl13_6.mzTab
results/SIRIUS/20210618_UMETAB211_POS_00024_ISP2_HLB40_P7_6.mzTab
results/dataframes/sirius_output/sirius_Collinuskirromycin.csv
results/dataframes/sirius_output/sirius_Epemicins.csv
results/dataframes/sirius_output/sirius_GermicidinA.csv
results/dataframes/sirius_output/sirius_GermicidinB.csv
results/dataframes/sirius_output/sirius_20210608_UMETAB211_POS_00172_ISP2_HLB70_Pl11_13.csv
results/dataframes/sirius_output/sirius_20210613_UMETAB211_POS_01466_ISP2_HLB100_Pl15_19.csv
results/dataframes/sirius_output/sirius_20210426_DR_UMETAB202_POS_Amide_162_HLB40.csv
results/dataframes/sirius_output/sirius_20210607_UMETAB211_POS_00024_ISP2_HLB70_Pl10_6.csv
results/dataframes/sirius_output/sirius_20210609_UMETAB211_POS_00024_ISP2_HLB100_Pl13_6.csv
results/dataframes/sirius_output/sirius_20210618_UMETAB211_POS_00024_ISP2_HLB40_P7_6.csv
data/raw/Collinuskirromycin.raw
data/raw/Epemicins.raw
data/raw/GermicidinA.raw
data/raw/GermicidinB.raw
data/raw/20210608_UMETAB211_POS_00172_ISP2_HLB70_Pl11_13.raw
data/raw/20210613_UMETAB211_POS_01466_ISP2_HLB100_Pl15_19.raw
data/raw/20210426_DR_UMETAB202_POS_Amide_162_HLB40.raw
data/raw/20210607_UMETAB211_POS_00024_ISP2_HLB70_Pl10_6.raw
data/raw/20210609_UMETAB211_POS_00024_ISP2_HLB100_Pl13_6.raw
data/raw/20210618_UMETAB211_POS_00024_ISP2_HLB40_P7_6.raw
data/raw/Collinuskirromycin.raw
data/raw/Epemicins.raw
data/raw/GermicidinA.raw
data/raw/GermicidinB.raw
data/raw/20210608_UMETAB211_POS_00172_ISP2_HLB70_Pl11_13.raw
data/raw/20210613_UMETAB211_POS_01466_ISP2_HLB100_Pl15_19.raw
data/raw/20210426_DR_UMETAB202_POS_Amide_162_HLB40.raw
data/raw/20210607_UMETAB211_POS_00024_ISP2_HLB70_Pl10_6.raw
data/raw/20210609_UMETAB211_POS_00024_ISP2_HLB100_Pl13_6.raw
data/raw/20210618_UMETAB211_POS_00024_ISP2_HLB40_P7_6.raw
results/precursorcorrection/Collinuskirromycin.mzML
data/mzML/Collinuskirromycin.mzML
results/precursorcorrection/Epemicins.mzML
data/mzML/Epemicins.mzML
results/precursorcorrection/GermicidinA.mzML
data/mzML/GermicidinA.mzML
results/precursorcorrection/GermicidinB.mzML
data/mzML/GermicidinB.mzML
results/precursorcorrection/20210608_UMETAB211_POS_00172_ISP2_HLB70_Pl11_13.mzML
data/mzML/20210608_UMETAB211_POS_00172_ISP2_HLB70_Pl11_13.mzML
results/precursorcorrection/20210613_UMETAB211_POS_01466_ISP2_HLB100_Pl15_19.mzML
data/mzML/20210613_UMETAB211_POS_01466_ISP2_HLB100_Pl15_19.mzML
results/precursorcorrection/20210426_DR_UMETAB202_POS_Amide_162_HLB40.mzML
data/mzML/20210426_DR_UMETAB202_POS_Amide_162_HLB40.mzML
results/precursorcorrection/20210607_UMETAB211_POS_00024_ISP2_HLB70_Pl10_6.mzML
data/mzML/20210607_UMETAB211_POS_00024_ISP2_HLB70_Pl10_6.mzML
results/precursorcorrection/20210609_UMETAB211_POS_00024_ISP2_HLB100_Pl13_6.mzML
data/mzML/20210609_UMETAB211_POS_00024_ISP2_HLB100_Pl13_6.mzML
results/precursorcorrection/20210618_UMETAB211_POS_00024_ISP2_HLB40_P7_6.mzML
data/mzML/20210618_UMETAB211_POS_00024_ISP2_HLB40_P7_6.mzML
results/preprocessed/Collinuskirromycin.featureXML
results/preprocessed/Epemicins.featureXML
results/preprocessed/GermicidinA.featureXML
results/preprocessed/GermicidinB.featureXML
results/preprocessed/20210608_UMETAB211_POS_00172_ISP2_HLB70_Pl11_13.featureXML
results/preprocessed/20210613_UMETAB211_POS_01466_ISP2_HLB100_Pl15_19.featureXML
results/preprocessed/20210426_DR_UMETAB202_POS_Amide_162_HLB40.featureXML
results/preprocessed/20210607_UMETAB211_POS_00024_ISP2_HLB70_Pl10_6.featureXML
results/preprocessed/20210609_UMETAB211_POS_00024_ISP2_HLB100_Pl13_6.featureXML
results/preprocessed/20210618_UMETAB211_POS_00024_ISP2_HLB40_P7_6.featureXML
results/preprocessed/Collinuskirromycin.featureXML
results/precursorcorrection/Collinuskirromycin.mzML
resources/Contents/MacOS/sirius
data/mzML/Collinuskirromycin.mzML
results/preprocessed/Epemicins.featureXML
results/precursorcorrection/Epemicins.mzML
resources/Contents/MacOS/sirius
data/mzML/Epemicins.mzML
results/preprocessed/GermicidinA.featureXML
results/precursorcorrection/GermicidinA.mzML
resources/Contents/MacOS/sirius
data/mzML/GermicidinA.mzML
results/preprocessed/GermicidinB.featureXML
results/precursorcorrection/GermicidinB.mzML
resources/Contents/MacOS/sirius
data/mzML/GermicidinB.mzML
results/preprocessed/20210608_UMETAB211_POS_00172_ISP2_HLB70_Pl11_13.featureXML
results/precursorcorrection/20210608_UMETAB211_POS_00172_ISP2_HLB70_Pl11_13.mzML
resources/Contents/MacOS/sirius
data/mzML/20210608_UMETAB211_POS_00172_ISP2_HLB70_Pl11_13.mzML
results/preprocessed/20210613_UMETAB211_POS_01466_ISP2_HLB100_Pl15_19.featureXML
results/precursorcorrection/20210613_UMETAB211_POS_01466_ISP2_HLB100_Pl15_19.mzML
resources/Contents/MacOS/sirius
data/mzML/20210613_UMETAB211_POS_01466_ISP2_HLB100_Pl15_19.mzML
results/preprocessed/20210426_DR_UMETAB202_POS_Amide_162_HLB40.featureXML
results/precursorcorrection/20210426_DR_UMETAB202_POS_Amide_162_HLB40.mzML
resources/Contents/MacOS/sirius
data/mzML/20210426_DR_UMETAB202_POS_Amide_162_HLB40.mzML
results/preprocessed/20210607_UMETAB211_POS_00024_ISP2_HLB70_Pl10_6.featureXML
results/precursorcorrection/20210607_UMETAB211_POS_00024_ISP2_HLB70_Pl10_6.mzML
resources/Contents/MacOS/sirius
data/mzML/20210607_UMETAB211_POS_00024_ISP2_HLB70_Pl10_6.mzML
results/preprocessed/20210609_UMETAB211_POS_00024_ISP2_HLB100_Pl13_6.featureXML
results/precursorcorrection/20210609_UMETAB211_POS_00024_ISP2_HLB100_Pl13_6.mzML
resources/Contents/MacOS/sirius
data/mzML/20210609_UMETAB211_POS_00024_ISP2_HLB100_Pl13_6.mzML
results/preprocessed/20210618_UMETAB211_POS_00024_ISP2_HLB40_P7_6.featureXML
results/precursorcorrection/20210618_UMETAB211_POS_00024_ISP2_HLB40_P7_6.mzML
resources/Contents/MacOS/sirius
data/mzML/20210618_UMETAB211_POS_00024_ISP2_HLB40_P7_6.mzML
results/SIRIUS/Collinuskirromycin.mzTab
results/SIRIUS/Epemicins.mzTab
results/SIRIUS/GermicidinA.mzTab
results/SIRIUS/GermicidinB.mzTab
results/SIRIUS/20210608_UMETAB211_POS_00172_ISP2_HLB70_Pl11_13.mzTab
results/SIRIUS/20210613_UMETAB211_POS_01466_ISP2_HLB100_Pl15_19.mzTab
results/SIRIUS/20210426_DR_UMETAB202_POS_Amide_162_HLB40.mzTab
results/SIRIUS/20210607_UMETAB211_POS_00024_ISP2_HLB70_Pl10_6.mzTab
results/SIRIUS/20210609_UMETAB211_POS_00024_ISP2_HLB100_Pl13_6.mzTab
results/SIRIUS/20210618_UMETAB211_POS_00024_ISP2_HLB40_P7_6.mzTab
