results/dataframes/features_tables/20210613_UMETAB211_POS_01466_ISP2_HLB100_Pl15_19.csv
results/dataframes/sirius_output/sirius_Collinuskirromycin.csv
results/dataframes/sirius_output/sirius_20210607_UMETAB211_POS_00024_ISP2_HLB70_Pl10_6.csv
results/dataframes/features_tables/20210426_DR_UMETAB202_POS_Amide_162_HLB40.csv
results/SIRIUS/GermicidinB.mzTab
results/dataframes/sirius_output/sirius_20210609_UMETAB211_POS_00024_ISP2_HLB100_Pl13_6.csv
results/dataframes/sirius_output/sirius_Epemicins.csv
results/dataframes/features_tables/20210607_UMETAB211_POS_00024_ISP2_HLB70_Pl10_6.csv
results/SIRIUS/20210608_UMETAB211_POS_00172_ISP2_HLB70_Pl11_13.mzTab
results/dataframes/sirius_output/sirius_20210618_UMETAB211_POS_00024_ISP2_HLB40_P7_6.csv
results/dataframes/features_tables/Collinuskirromycin.csv
results/dataframes/features_tables/20210609_UMETAB211_POS_00024_ISP2_HLB100_Pl13_6.csv
results/SIRIUS/20210613_UMETAB211_POS_01466_ISP2_HLB100_Pl15_19.mzTab
results/dataframes/sirius_output/sirius_GermicidinB.csv
results/preprocessed/20210607_UMETAB211_POS_00024_ISP2_HLB70_Pl10_6.featureXML
results/preprocessed/GermicidinB.featureXML
results/dataframes/features_tables/GermicidinB.csv
results/dataframes/features_tables/20210618_UMETAB211_POS_00024_ISP2_HLB40_P7_6.csv
results/SIRIUS/20210426_DR_UMETAB202_POS_Amide_162_HLB40.mzTab
results/dataframes/sirius_output/sirius_20210608_UMETAB211_POS_00172_ISP2_HLB70_Pl11_13.csv
results/dataframes/features_tables/Epemicins.csv
results/SIRIUS/Collinuskirromycin.mzTab
results/SIRIUS/20210607_UMETAB211_POS_00024_ISP2_HLB70_Pl10_6.mzTab
results/dataframes/sirius_output/sirius_20210613_UMETAB211_POS_01466_ISP2_HLB100_Pl15_19.csv
results/preprocessed/20210608_UMETAB211_POS_00172_ISP2_HLB70_Pl11_13.featureXML
results/SIRIUS/Epemicins.mzTab
results/preprocessed/20210609_UMETAB211_POS_00024_ISP2_HLB100_Pl13_6.featureXML
results/dataframes/features_tables/GermicidinA.csv
results/SIRIUS/20210609_UMETAB211_POS_00024_ISP2_HLB100_Pl13_6.mzTab
results/dataframes/sirius_output/sirius_20210426_DR_UMETAB202_POS_Amide_162_HLB40.csv
results/dataframes/features_tables/20210608_UMETAB211_POS_00172_ISP2_HLB70_Pl11_13.csv
results/SIRIUS/20210618_UMETAB211_POS_00024_ISP2_HLB40_P7_6.mzTab
